# This file is automatically @generated by Cargo.
# It is not intended for manual editing.
version = 4

[[package]]
name = "prudent"
version = "0.0.4"
dependencies = [
 "prudent-macros-enforce",
]

[[package]]
name = "prudent-macros-enforce"
version = "0.0.4"

[[package]]
name = "unused_unsafe_fails_lint"
version = "0.1.0"
dependencies = [
 "prudent",
]
